
Microsoft Visual Studio Solution File, Format Version 12.00
# Visual Studio Version 17
VisualStudioVersion = 17.3.32825.248
MinimumVisualStudioVersion = 10.0.40219.1
Project("{FAE04EC0-301F-11D3-BF4B-00C04F79EFBC}") = "Uppgift 16", "Uppgift 16\Uppgift 16.csproj", "{A43F8B7E-8D92-4D8B-AB64-70C9466756FA}"
EndProject
Global
	GlobalSection(SolutionConfigurationPlatforms) = preSolution
		Debug|Any CPU = Debug|Any CPU
		Release|Any CPU = Release|Any CPU
	EndGlobalSection
	GlobalSection(ProjectConfigurationPlatforms) = postSolution
		{A43F8B7E-8D92-4D8B-AB64-70C9466756FA}.Debug|Any CPU.ActiveCfg = Debug|Any CPU
		{A43F8B7E-8D92-4D8B-AB64-70C9466756FA}.Debug|Any CPU.Build.0 = Debug|Any CPU
		{A43F8B7E-8D92-4D8B-AB64-70C9466756FA}.Release|Any CPU.ActiveCfg = Release|Any CPU
		{A43F8B7E-8D92-4D8B-AB64-70C9466756FA}.Release|Any CPU.Build.0 = Release|Any CPU
	EndGlobalSection
	GlobalSection(SolutionProperties) = preSolution
		HideSolutionNode = FALSE
	EndGlobalSection
	GlobalSection(ExtensibilityGlobals) = postSolution
		SolutionGuid = {2AA2068C-E81E-47BB-9BE3-E87064BEDCCB}
	EndGlobalSection
EndGlobal
